
Microsoft Visual Studio Solution File, Format Version 12.00
# Visual Studio 15
VisualStudioVersion = 15.0.26124.0
MinimumVisualStudioVersion = 15.0.26124.0
Project("{2150E333-8FDC-42A3-9474-1A3956D46DE8}") = "src", "src", "{05604DE7-2729-48D4-BDA6-AB11914B13D7}"
EndProject
Project("{FAE04EC0-301F-11D3-BF4B-00C04F79EFBC}") = "Georest.Api", "src\Georest.Api\Georest.Api.csproj", "{4DEDD8F5-6C71-4F69-9114-814FC48FF350}"
EndProject
Project("{FAE04EC0-301F-11D3-BF4B-00C04F79EFBC}") = "Georest.Domain", "src\Georest.Domain\Georest.Domain.csproj", "{4A643065-F9CB-4208-877F-2736B8E37F91}"
EndProject
Global
	GlobalSection(SolutionConfigurationPlatforms) = preSolution
		Debug|Any CPU = Debug|Any CPU
		Debug|x64 = Debug|x64
		Debug|x86 = Debug|x86
		Release|Any CPU = Release|Any CPU
		Release|x64 = Release|x64
		Release|x86 = Release|x86
	EndGlobalSection
	GlobalSection(SolutionProperties) = preSolution
		HideSolutionNode = FALSE
	EndGlobalSection
	GlobalSection(ProjectConfigurationPlatforms) = postSolution
		{4DEDD8F5-6C71-4F69-9114-814FC48FF350}.Debug|Any CPU.ActiveCfg = Debug|Any CPU
		{4DEDD8F5-6C71-4F69-9114-814FC48FF350}.Debug|Any CPU.Build.0 = Debug|Any CPU
		{4DEDD8F5-6C71-4F69-9114-814FC48FF350}.Debug|x64.ActiveCfg = Debug|Any CPU
		{4DEDD8F5-6C71-4F69-9114-814FC48FF350}.Debug|x64.Build.0 = Debug|Any CPU
		{4DEDD8F5-6C71-4F69-9114-814FC48FF350}.Debug|x86.ActiveCfg = Debug|Any CPU
		{4DEDD8F5-6C71-4F69-9114-814FC48FF350}.Debug|x86.Build.0 = Debug|Any CPU
		{4DEDD8F5-6C71-4F69-9114-814FC48FF350}.Release|Any CPU.ActiveCfg = Release|Any CPU
		{4DEDD8F5-6C71-4F69-9114-814FC48FF350}.Release|Any CPU.Build.0 = Release|Any CPU
		{4DEDD8F5-6C71-4F69-9114-814FC48FF350}.Release|x64.ActiveCfg = Release|Any CPU
		{4DEDD8F5-6C71-4F69-9114-814FC48FF350}.Release|x64.Build.0 = Release|Any CPU
		{4DEDD8F5-6C71-4F69-9114-814FC48FF350}.Release|x86.ActiveCfg = Release|Any CPU
		{4DEDD8F5-6C71-4F69-9114-814FC48FF350}.Release|x86.Build.0 = Release|Any CPU
		{4A643065-F9CB-4208-877F-2736B8E37F91}.Debug|Any CPU.ActiveCfg = Debug|Any CPU
		{4A643065-F9CB-4208-877F-2736B8E37F91}.Debug|Any CPU.Build.0 = Debug|Any CPU
		{4A643065-F9CB-4208-877F-2736B8E37F91}.Debug|x64.ActiveCfg = Debug|Any CPU
		{4A643065-F9CB-4208-877F-2736B8E37F91}.Debug|x64.Build.0 = Debug|Any CPU
		{4A643065-F9CB-4208-877F-2736B8E37F91}.Debug|x86.ActiveCfg = Debug|Any CPU
		{4A643065-F9CB-4208-877F-2736B8E37F91}.Debug|x86.Build.0 = Debug|Any CPU
		{4A643065-F9CB-4208-877F-2736B8E37F91}.Release|Any CPU.ActiveCfg = Release|Any CPU
		{4A643065-F9CB-4208-877F-2736B8E37F91}.Release|Any CPU.Build.0 = Release|Any CPU
		{4A643065-F9CB-4208-877F-2736B8E37F91}.Release|x64.ActiveCfg = Release|Any CPU
		{4A643065-F9CB-4208-877F-2736B8E37F91}.Release|x64.Build.0 = Release|Any CPU
		{4A643065-F9CB-4208-877F-2736B8E37F91}.Release|x86.ActiveCfg = Release|Any CPU
		{4A643065-F9CB-4208-877F-2736B8E37F91}.Release|x86.Build.0 = Release|Any CPU
	EndGlobalSection
	GlobalSection(NestedProjects) = preSolution
		{4DEDD8F5-6C71-4F69-9114-814FC48FF350} = {05604DE7-2729-48D4-BDA6-AB11914B13D7}
		{4A643065-F9CB-4208-877F-2736B8E37F91} = {05604DE7-2729-48D4-BDA6-AB11914B13D7}
	EndGlobalSection
EndGlobal
