
Microsoft Visual Studio Solution File, Format Version 12.00
# Visual Studio Version 16
VisualStudioVersion = 16.0.28606.126
MinimumVisualStudioVersion = 15.0.26124.0
Project("{2150E333-8FDC-42A3-9474-1A3956D46DE8}") = "src", "src", "{05604DE7-2729-48D4-BDA6-AB11914B13D7}"
EndProject
Project("{9A19103F-16F7-4668-BE54-9A1E7A4F7556}") = "Georest.Api", "src\Georest.Api\Georest.Api.csproj", "{4DEDD8F5-6C71-4F69-9114-814FC48FF350}"
EndProject
Project("{9A19103F-16F7-4668-BE54-9A1E7A4F7556}") = "Georest.Web", "src\Georest.Web\Georest.Web.csproj", "{4D6B3D4D-740F-4999-A0AE-EAB9989A761B}"
EndProject
Project("{9A19103F-16F7-4668-BE54-9A1E7A4F7556}") = "Georest.Domain", "src\Georest.Domain\Georest.Domain.csproj", "{A644518D-AA2B-4CF9-9680-AB67E7325F09}"
EndProject
Project("{2150E333-8FDC-42A3-9474-1A3956D46DE8}") = "test", "test", "{5DC43813-231B-4179-8608-A6333252893D}"
EndProject
Global
	GlobalSection(SolutionConfigurationPlatforms) = preSolution
		Debug|Any CPU = Debug|Any CPU
		Debug|x64 = Debug|x64
		Debug|x86 = Debug|x86
		Release|Any CPU = Release|Any CPU
		Release|x64 = Release|x64
		Release|x86 = Release|x86
	EndGlobalSection
	GlobalSection(ProjectConfigurationPlatforms) = postSolution
		{4DEDD8F5-6C71-4F69-9114-814FC48FF350}.Debug|Any CPU.ActiveCfg = Debug|Any CPU
		{4DEDD8F5-6C71-4F69-9114-814FC48FF350}.Debug|Any CPU.Build.0 = Debug|Any CPU
		{4DEDD8F5-6C71-4F69-9114-814FC48FF350}.Debug|x64.ActiveCfg = Debug|Any CPU
		{4DEDD8F5-6C71-4F69-9114-814FC48FF350}.Debug|x64.Build.0 = Debug|Any CPU
		{4DEDD8F5-6C71-4F69-9114-814FC48FF350}.Debug|x86.ActiveCfg = Debug|Any CPU
		{4DEDD8F5-6C71-4F69-9114-814FC48FF350}.Debug|x86.Build.0 = Debug|Any CPU
		{4DEDD8F5-6C71-4F69-9114-814FC48FF350}.Release|Any CPU.ActiveCfg = Release|Any CPU
		{4DEDD8F5-6C71-4F69-9114-814FC48FF350}.Release|Any CPU.Build.0 = Release|Any CPU
		{4DEDD8F5-6C71-4F69-9114-814FC48FF350}.Release|x64.ActiveCfg = Release|Any CPU
		{4DEDD8F5-6C71-4F69-9114-814FC48FF350}.Release|x64.Build.0 = Release|Any CPU
		{4DEDD8F5-6C71-4F69-9114-814FC48FF350}.Release|x86.ActiveCfg = Release|Any CPU
		{4DEDD8F5-6C71-4F69-9114-814FC48FF350}.Release|x86.Build.0 = Release|Any CPU
		{4D6B3D4D-740F-4999-A0AE-EAB9989A761B}.Debug|Any CPU.ActiveCfg = Debug|Any CPU
		{4D6B3D4D-740F-4999-A0AE-EAB9989A761B}.Debug|Any CPU.Build.0 = Debug|Any CPU
		{4D6B3D4D-740F-4999-A0AE-EAB9989A761B}.Debug|x64.ActiveCfg = Debug|Any CPU
		{4D6B3D4D-740F-4999-A0AE-EAB9989A761B}.Debug|x64.Build.0 = Debug|Any CPU
		{4D6B3D4D-740F-4999-A0AE-EAB9989A761B}.Debug|x86.ActiveCfg = Debug|Any CPU
		{4D6B3D4D-740F-4999-A0AE-EAB9989A761B}.Debug|x86.Build.0 = Debug|Any CPU
		{4D6B3D4D-740F-4999-A0AE-EAB9989A761B}.Release|Any CPU.ActiveCfg = Release|Any CPU
		{4D6B3D4D-740F-4999-A0AE-EAB9989A761B}.Release|Any CPU.Build.0 = Release|Any CPU
		{4D6B3D4D-740F-4999-A0AE-EAB9989A761B}.Release|x64.ActiveCfg = Release|Any CPU
		{4D6B3D4D-740F-4999-A0AE-EAB9989A761B}.Release|x64.Build.0 = Release|Any CPU
		{4D6B3D4D-740F-4999-A0AE-EAB9989A761B}.Release|x86.ActiveCfg = Release|Any CPU
		{4D6B3D4D-740F-4999-A0AE-EAB9989A761B}.Release|x86.Build.0 = Release|Any CPU
		{A644518D-AA2B-4CF9-9680-AB67E7325F09}.Debug|Any CPU.ActiveCfg = Debug|Any CPU
		{A644518D-AA2B-4CF9-9680-AB67E7325F09}.Debug|Any CPU.Build.0 = Debug|Any CPU
		{A644518D-AA2B-4CF9-9680-AB67E7325F09}.Debug|x64.ActiveCfg = Debug|Any CPU
		{A644518D-AA2B-4CF9-9680-AB67E7325F09}.Debug|x64.Build.0 = Debug|Any CPU
		{A644518D-AA2B-4CF9-9680-AB67E7325F09}.Debug|x86.ActiveCfg = Debug|Any CPU
		{A644518D-AA2B-4CF9-9680-AB67E7325F09}.Debug|x86.Build.0 = Debug|Any CPU
		{A644518D-AA2B-4CF9-9680-AB67E7325F09}.Release|Any CPU.ActiveCfg = Release|Any CPU
		{A644518D-AA2B-4CF9-9680-AB67E7325F09}.Release|Any CPU.Build.0 = Release|Any CPU
		{A644518D-AA2B-4CF9-9680-AB67E7325F09}.Release|x64.ActiveCfg = Release|Any CPU
		{A644518D-AA2B-4CF9-9680-AB67E7325F09}.Release|x64.Build.0 = Release|Any CPU
		{A644518D-AA2B-4CF9-9680-AB67E7325F09}.Release|x86.ActiveCfg = Release|Any CPU
		{A644518D-AA2B-4CF9-9680-AB67E7325F09}.Release|x86.Build.0 = Release|Any CPU
	EndGlobalSection
	GlobalSection(SolutionProperties) = preSolution
		HideSolutionNode = FALSE
	EndGlobalSection
	GlobalSection(NestedProjects) = preSolution
		{4DEDD8F5-6C71-4F69-9114-814FC48FF350} = {05604DE7-2729-48D4-BDA6-AB11914B13D7}
		{4D6B3D4D-740F-4999-A0AE-EAB9989A761B} = {05604DE7-2729-48D4-BDA6-AB11914B13D7}
		{A644518D-AA2B-4CF9-9680-AB67E7325F09} = {05604DE7-2729-48D4-BDA6-AB11914B13D7}
	EndGlobalSection
	GlobalSection(ExtensibilityGlobals) = postSolution
		SolutionGuid = {0FEB935D-089D-41A7-B630-16FA0AC1750B}
	EndGlobalSection
EndGlobal
